
Microsoft Visual Studio Solution File, Format Version 12.00
# Visual Studio Version 16
VisualStudioVersion = 16.0.31729.503
MinimumVisualStudioVersion = 10.0.40219.1
Project("{9A19103F-16F7-4668-BE54-9A1E7A4F7556}") = "NyitottKapukReg.WebAPI", "NyitottKapukReg.WebAPI\NyitottKapukReg.WebAPI.csproj", "{8D1EC8F9-4EDD-48CC-BC92-3C524F31DC90}"
EndProject
Project("{9A19103F-16F7-4668-BE54-9A1E7A4F7556}") = "NyitottKapukReg.Service", "NyitottKapukReg.Service\NyitottKapukReg.Service.csproj", "{EB7C34A1-BD7A-404B-B68D-F40E3AE5757C}"
EndProject
Project("{FAE04EC0-301F-11D3-BF4B-00C04F79EFBC}") = "Jedlik.eDoc", "Jedlik.eDoc\Jedlik.eDoc.csproj", "{5586DDCD-9722-4D82-AB50-4ECD2C457A4B}"
EndProject
Global
	GlobalSection(SolutionConfigurationPlatforms) = preSolution
		Debug|Any CPU = Debug|Any CPU
		Release|Any CPU = Release|Any CPU
	EndGlobalSection
	GlobalSection(ProjectConfigurationPlatforms) = postSolution
		{8D1EC8F9-4EDD-48CC-BC92-3C524F31DC90}.Debug|Any CPU.ActiveCfg = Debug|Any CPU
		{8D1EC8F9-4EDD-48CC-BC92-3C524F31DC90}.Debug|Any CPU.Build.0 = Debug|Any CPU
		{8D1EC8F9-4EDD-48CC-BC92-3C524F31DC90}.Release|Any CPU.ActiveCfg = Release|Any CPU
		{8D1EC8F9-4EDD-48CC-BC92-3C524F31DC90}.Release|Any CPU.Build.0 = Release|Any CPU
		{EB7C34A1-BD7A-404B-B68D-F40E3AE5757C}.Debug|Any CPU.ActiveCfg = Debug|Any CPU
		{EB7C34A1-BD7A-404B-B68D-F40E3AE5757C}.Debug|Any CPU.Build.0 = Debug|Any CPU
		{EB7C34A1-BD7A-404B-B68D-F40E3AE5757C}.Release|Any CPU.ActiveCfg = Release|Any CPU
		{EB7C34A1-BD7A-404B-B68D-F40E3AE5757C}.Release|Any CPU.Build.0 = Release|Any CPU
		{5586DDCD-9722-4D82-AB50-4ECD2C457A4B}.Debug|Any CPU.ActiveCfg = Debug|Any CPU
		{5586DDCD-9722-4D82-AB50-4ECD2C457A4B}.Debug|Any CPU.Build.0 = Debug|Any CPU
		{5586DDCD-9722-4D82-AB50-4ECD2C457A4B}.Release|Any CPU.ActiveCfg = Release|Any CPU
		{5586DDCD-9722-4D82-AB50-4ECD2C457A4B}.Release|Any CPU.Build.0 = Release|Any CPU
	EndGlobalSection
	GlobalSection(SolutionProperties) = preSolution
		HideSolutionNode = FALSE
	EndGlobalSection
	GlobalSection(ExtensibilityGlobals) = postSolution
		SolutionGuid = {CE182B72-4E24-490E-9ECD-43971DEFC74A}
	EndGlobalSection
EndGlobal
